Microsoft Visual Studio Solution File, Format Version 11.00
# Visual Studio 2008

Project("{3EB7106C-3477-A60E-6BBF-5DBFDE1DA59C}") = "Ajax", "Assembly-CSharp.csproj", "{749D71D6-4F0F-A367-5526-BF339A5AB8BF}"
EndProject
Global
	GlobalSection(SolutionConfigurationPlatforms) = preSolution
		Debug|Any CPU = Debug|Any CPU
		Release|Any CPU = Release|Any CPU
	EndGlobalSection
	GlobalSection(ProjectConfigurationPlatforms) = postSolution
		{749D71D6-4F0F-A367-5526-BF339A5AB8BF}.Debug|Any CPU.ActiveCfg = Debug|Any CPU
		{749D71D6-4F0F-A367-5526-BF339A5AB8BF}.Debug|Any CPU.Build.0 = Debug|Any CPU
		{749D71D6-4F0F-A367-5526-BF339A5AB8BF}.Release|Any CPU.ActiveCfg = Release|Any CPU
		{749D71D6-4F0F-A367-5526-BF339A5AB8BF}.Release|Any CPU.Build.0 = Release|Any CPU
	EndGlobalSection
	GlobalSection(SolutionProperties) = preSolution
		HideSolutionNode = FALSE
	EndGlobalSection
	GlobalSection(MonoDevelopProperties) = preSolution
		StartupItem = Assembly-CSharp.csproj
	EndGlobalSection
EndGlobal
