Microsoft Visual Studio Solution File, Format Version 11.00
# Visual Studio 2008

Project("{BF50460D-CBC7-5B7E-8BEA-6F658F048E6E}") = "Ajax 11-27", "Assembly-CSharp.csproj", "{67C860DF-D674-3FCA-4011-831178949BEE}"
EndProject
Global
	GlobalSection(SolutionConfigurationPlatforms) = preSolution
		Debug|Any CPU = Debug|Any CPU
		Release|Any CPU = Release|Any CPU
	EndGlobalSection
	GlobalSection(ProjectConfigurationPlatforms) = postSolution
		{67C860DF-D674-3FCA-4011-831178949BEE}.Debug|Any CPU.ActiveCfg = Debug|Any CPU
		{67C860DF-D674-3FCA-4011-831178949BEE}.Debug|Any CPU.Build.0 = Debug|Any CPU
		{67C860DF-D674-3FCA-4011-831178949BEE}.Release|Any CPU.ActiveCfg = Release|Any CPU
		{67C860DF-D674-3FCA-4011-831178949BEE}.Release|Any CPU.Build.0 = Release|Any CPU
	EndGlobalSection
	GlobalSection(SolutionProperties) = preSolution
		HideSolutionNode = FALSE
	EndGlobalSection
	GlobalSection(MonoDevelopProperties) = preSolution
		StartupItem = Assembly-CSharp.csproj
	EndGlobalSection
EndGlobal
