Microsoft Visual Studio Solution File, Format Version 11.00
# Visual Studio 2008

Project("{1D3474C7-9372-6FDD-4CC8-09DAEFED86CE}") = "CS420_10:15", "Assembly-CSharp.csproj", "{8FF54F30-B670-67A0-F422-37643ADA4577}"
EndProject
Global
	GlobalSection(SolutionConfigurationPlatforms) = preSolution
		Debug|Any CPU = Debug|Any CPU
		Release|Any CPU = Release|Any CPU
	EndGlobalSection
	GlobalSection(ProjectConfigurationPlatforms) = postSolution
		{8FF54F30-B670-67A0-F422-37643ADA4577}.Debug|Any CPU.ActiveCfg = Debug|Any CPU
		{8FF54F30-B670-67A0-F422-37643ADA4577}.Debug|Any CPU.Build.0 = Debug|Any CPU
		{8FF54F30-B670-67A0-F422-37643ADA4577}.Release|Any CPU.ActiveCfg = Release|Any CPU
		{8FF54F30-B670-67A0-F422-37643ADA4577}.Release|Any CPU.Build.0 = Release|Any CPU
	EndGlobalSection
	GlobalSection(SolutionProperties) = preSolution
		HideSolutionNode = FALSE
	EndGlobalSection
	GlobalSection(MonoDevelopProperties) = preSolution
		StartupItem = Assembly-CSharp.csproj
	EndGlobalSection
EndGlobal
